
Microsoft Visual Studio Solution File, Format Version 12.00
# Visual Studio 15
VisualStudioVersion = 15.0.28010.2016
MinimumVisualStudioVersion = 10.0.40219.1
Project("{FAE04EC0-301F-11D3-BF4B-00C04F79EFBC}") = "PasswordCrackerClient", "PasswordCrackerClient\PasswordCrackerClient.csproj", "{C66A417B-B91E-4652-B545-492D90134775}"
EndProject
Global
	GlobalSection(SolutionConfigurationPlatforms) = preSolution
		Debug|Any CPU = Debug|Any CPU
		Release|Any CPU = Release|Any CPU
	EndGlobalSection
	GlobalSection(ProjectConfigurationPlatforms) = postSolution
		{C66A417B-B91E-4652-B545-492D90134775}.Debug|Any CPU.ActiveCfg = Debug|Any CPU
		{C66A417B-B91E-4652-B545-492D90134775}.Debug|Any CPU.Build.0 = Debug|Any CPU
		{C66A417B-B91E-4652-B545-492D90134775}.Release|Any CPU.ActiveCfg = Release|Any CPU
		{C66A417B-B91E-4652-B545-492D90134775}.Release|Any CPU.Build.0 = Release|Any CPU
	EndGlobalSection
	GlobalSection(SolutionProperties) = preSolution
		HideSolutionNode = FALSE
	EndGlobalSection
	GlobalSection(ExtensibilityGlobals) = postSolution
		SolutionGuid = {18A9215F-A94D-49C7-BC4D-3544C174604C}
	EndGlobalSection
EndGlobal
